
Microsoft Visual Studio Solution File, Format Version 12.00
# Visual Studio Version 16
VisualStudioVersion = 16.0.30711.63
MinimumVisualStudioVersion = 10.0.40219.1
Project("{FAE04EC0-301F-11D3-BF4B-00C04F79EFBC}") = "SystemInforMe", "SystemInforMe.csproj", "{07E599DC-21DC-4E9A-845A-20B933AB7B2F}"
EndProject
Global
	GlobalSection(SolutionConfigurationPlatforms) = preSolution
		Debug|Any CPU = Debug|Any CPU
		Release|Any CPU = Release|Any CPU
	EndGlobalSection
	GlobalSection(ProjectConfigurationPlatforms) = postSolution
		{07E599DC-21DC-4E9A-845A-20B933AB7B2F}.Debug|Any CPU.ActiveCfg = Debug|Any CPU
		{07E599DC-21DC-4E9A-845A-20B933AB7B2F}.Debug|Any CPU.Build.0 = Debug|Any CPU
		{07E599DC-21DC-4E9A-845A-20B933AB7B2F}.Release|Any CPU.ActiveCfg = Release|Any CPU
		{07E599DC-21DC-4E9A-845A-20B933AB7B2F}.Release|Any CPU.Build.0 = Release|Any CPU
	EndGlobalSection
	GlobalSection(SolutionProperties) = preSolution
		HideSolutionNode = FALSE
	EndGlobalSection
	GlobalSection(ExtensibilityGlobals) = postSolution
		SolutionGuid = {0C8CE516-C0F6-4007-8B26-35E1B147DC24}
	EndGlobalSection
EndGlobal
